
Microsoft Visual Studio Solution File, Format Version 12.00
# Visual Studio Version 16
VisualStudioVersion = 16.0.32228.343
MinimumVisualStudioVersion = 10.0.40219.1
Project("{8BC9CEB8-8B4A-11D0-8D11-00A0C91BC942}") = "9-05", "9-05\9-05.vcxproj", "{1E4C9B3D-988E-42A8-8AD3-522FB8F28E9E}"
EndProject
Project("{8BC9CEB8-8B4A-11D0-8D11-00A0C91BC942}") = "9-06", "9-06\9-06.vcxproj", "{366E0F76-1F92-4E29-AABD-039D7BE25753}"
EndProject
Project("{8BC9CEB8-8B4A-11D0-8D11-00A0C91BC942}") = "9-07", "9-07\9-07.vcxproj", "{2349FEB6-F434-4CF7-96F2-08415C6B7F9C}"
EndProject
Project("{8BC9CEB8-8B4A-11D0-8D11-00A0C91BC942}") = "9-08", "9-08\9-08.vcxproj", "{AFBFE7C2-3B54-4F37-B5B1-F0680793CF94}"
EndProject
Project("{8BC9CEB8-8B4A-11D0-8D11-00A0C91BC942}") = "9-09", "9-09\9-09.vcxproj", "{9D756C5A-E794-4037-A0DA-9E7EF6D81457}"
EndProject
Global
	GlobalSection(SolutionConfigurationPlatforms) = preSolution
		Debug|x64 = Debug|x64
		Debug|x86 = Debug|x86
		Release|x64 = Release|x64
		Release|x86 = Release|x86
	EndGlobalSection
	GlobalSection(ProjectConfigurationPlatforms) = postSolution
		{1E4C9B3D-988E-42A8-8AD3-522FB8F28E9E}.Debug|x64.ActiveCfg = Debug|x64
		{1E4C9B3D-988E-42A8-8AD3-522FB8F28E9E}.Debug|x64.Build.0 = Debug|x64
		{1E4C9B3D-988E-42A8-8AD3-522FB8F28E9E}.Debug|x86.ActiveCfg = Debug|Win32
		{1E4C9B3D-988E-42A8-8AD3-522FB8F28E9E}.Debug|x86.Build.0 = Debug|Win32
		{1E4C9B3D-988E-42A8-8AD3-522FB8F28E9E}.Release|x64.ActiveCfg = Release|x64
		{1E4C9B3D-988E-42A8-8AD3-522FB8F28E9E}.Release|x64.Build.0 = Release|x64
		{1E4C9B3D-988E-42A8-8AD3-522FB8F28E9E}.Release|x86.ActiveCfg = Release|Win32
		{1E4C9B3D-988E-42A8-8AD3-522FB8F28E9E}.Release|x86.Build.0 = Release|Win32
		{366E0F76-1F92-4E29-AABD-039D7BE25753}.Debug|x64.ActiveCfg = Debug|x64
		{366E0F76-1F92-4E29-AABD-039D7BE25753}.Debug|x64.Build.0 = Debug|x64
		{366E0F76-1F92-4E29-AABD-039D7BE25753}.Debug|x86.ActiveCfg = Debug|Win32
		{366E0F76-1F92-4E29-AABD-039D7BE25753}.Debug|x86.Build.0 = Debug|Win32
		{366E0F76-1F92-4E29-AABD-039D7BE25753}.Release|x64.ActiveCfg = Release|x64
		{366E0F76-1F92-4E29-AABD-039D7BE25753}.Release|x64.Build.0 = Release|x64
		{366E0F76-1F92-4E29-AABD-039D7BE25753}.Release|x86.ActiveCfg = Release|Win32
		{366E0F76-1F92-4E29-AABD-039D7BE25753}.Release|x86.Build.0 = Release|Win32
		{2349FEB6-F434-4CF7-96F2-08415C6B7F9C}.Debug|x64.ActiveCfg = Debug|x64
		{2349FEB6-F434-4CF7-96F2-08415C6B7F9C}.Debug|x64.Build.0 = Debug|x64
		{2349FEB6-F434-4CF7-96F2-08415C6B7F9C}.Debug|x86.ActiveCfg = Debug|Win32
		{2349FEB6-F434-4CF7-96F2-08415C6B7F9C}.Debug|x86.Build.0 = Debug|Win32
		{2349FEB6-F434-4CF7-96F2-08415C6B7F9C}.Release|x64.ActiveCfg = Release|x64
		{2349FEB6-F434-4CF7-96F2-08415C6B7F9C}.Release|x64.Build.0 = Release|x64
		{2349FEB6-F434-4CF7-96F2-08415C6B7F9C}.Release|x86.ActiveCfg = Release|Win32
		{2349FEB6-F434-4CF7-96F2-08415C6B7F9C}.Release|x86.Build.0 = Release|Win32
		{AFBFE7C2-3B54-4F37-B5B1-F0680793CF94}.Debug|x64.ActiveCfg = Debug|x64
		{AFBFE7C2-3B54-4F37-B5B1-F0680793CF94}.Debug|x64.Build.0 = Debug|x64
		{AFBFE7C2-3B54-4F37-B5B1-F0680793CF94}.Debug|x86.ActiveCfg = Debug|Win32
		{AFBFE7C2-3B54-4F37-B5B1-F0680793CF94}.Debug|x86.Build.0 = Debug|Win32
		{AFBFE7C2-3B54-4F37-B5B1-F0680793CF94}.Release|x64.ActiveCfg = Release|x64
		{AFBFE7C2-3B54-4F37-B5B1-F0680793CF94}.Release|x64.Build.0 = Release|x64
		{AFBFE7C2-3B54-4F37-B5B1-F0680793CF94}.Release|x86.ActiveCfg = Release|Win32
		{AFBFE7C2-3B54-4F37-B5B1-F0680793CF94}.Release|x86.Build.0 = Release|Win32
		{9D756C5A-E794-4037-A0DA-9E7EF6D81457}.Debug|x64.ActiveCfg = Debug|x64
		{9D756C5A-E794-4037-A0DA-9E7EF6D81457}.Debug|x64.Build.0 = Debug|x64
		{9D756C5A-E794-4037-A0DA-9E7EF6D81457}.Debug|x86.ActiveCfg = Debug|Win32
		{9D756C5A-E794-4037-A0DA-9E7EF6D81457}.Debug|x86.Build.0 = Debug|Win32
		{9D756C5A-E794-4037-A0DA-9E7EF6D81457}.Release|x64.ActiveCfg = Release|x64
		{9D756C5A-E794-4037-A0DA-9E7EF6D81457}.Release|x64.Build.0 = Release|x64
		{9D756C5A-E794-4037-A0DA-9E7EF6D81457}.Release|x86.ActiveCfg = Release|Win32
		{9D756C5A-E794-4037-A0DA-9E7EF6D81457}.Release|x86.Build.0 = Release|Win32
	EndGlobalSection
	GlobalSection(SolutionProperties) = preSolution
		HideSolutionNode = FALSE
	EndGlobalSection
	GlobalSection(ExtensibilityGlobals) = postSolution
		SolutionGuid = {FE1AD45C-A72C-4F5D-B416-42661D1C08EB}
	EndGlobalSection
EndGlobal
