
Microsoft Visual Studio Solution File, Format Version 12.00
# Visual Studio Version 16
VisualStudioVersion = 16.0.32228.343
MinimumVisualStudioVersion = 10.0.40219.1
Project("{8BC9CEB8-8B4A-11D0-8D11-00A0C91BC942}") = "5-04", "5-04\5-04.vcxproj", "{D73D8F1F-E889-40CC-92E1-C984F1DBF9B3}"
EndProject
Project("{8BC9CEB8-8B4A-11D0-8D11-00A0C91BC942}") = "5-05", "5-05\5-05.vcxproj", "{27AEFA17-DAB3-4575-909F-B822DE2DD4CB}"
EndProject
Project("{8BC9CEB8-8B4A-11D0-8D11-00A0C91BC942}") = "5-06", "5-06\5-06.vcxproj", "{057DB0E6-96F2-43E2-A833-0C3BEF6B3400}"
EndProject
Global
	GlobalSection(SolutionConfigurationPlatforms) = preSolution
		Debug|x64 = Debug|x64
		Debug|x86 = Debug|x86
		Release|x64 = Release|x64
		Release|x86 = Release|x86
	EndGlobalSection
	GlobalSection(ProjectConfigurationPlatforms) = postSolution
		{D73D8F1F-E889-40CC-92E1-C984F1DBF9B3}.Debug|x64.ActiveCfg = Debug|x64
		{D73D8F1F-E889-40CC-92E1-C984F1DBF9B3}.Debug|x64.Build.0 = Debug|x64
		{D73D8F1F-E889-40CC-92E1-C984F1DBF9B3}.Debug|x86.ActiveCfg = Debug|Win32
		{D73D8F1F-E889-40CC-92E1-C984F1DBF9B3}.Debug|x86.Build.0 = Debug|Win32
		{D73D8F1F-E889-40CC-92E1-C984F1DBF9B3}.Release|x64.ActiveCfg = Release|x64
		{D73D8F1F-E889-40CC-92E1-C984F1DBF9B3}.Release|x64.Build.0 = Release|x64
		{D73D8F1F-E889-40CC-92E1-C984F1DBF9B3}.Release|x86.ActiveCfg = Release|Win32
		{D73D8F1F-E889-40CC-92E1-C984F1DBF9B3}.Release|x86.Build.0 = Release|Win32
		{27AEFA17-DAB3-4575-909F-B822DE2DD4CB}.Debug|x64.ActiveCfg = Debug|x64
		{27AEFA17-DAB3-4575-909F-B822DE2DD4CB}.Debug|x64.Build.0 = Debug|x64
		{27AEFA17-DAB3-4575-909F-B822DE2DD4CB}.Debug|x86.ActiveCfg = Debug|Win32
		{27AEFA17-DAB3-4575-909F-B822DE2DD4CB}.Debug|x86.Build.0 = Debug|Win32
		{27AEFA17-DAB3-4575-909F-B822DE2DD4CB}.Release|x64.ActiveCfg = Release|x64
		{27AEFA17-DAB3-4575-909F-B822DE2DD4CB}.Release|x64.Build.0 = Release|x64
		{27AEFA17-DAB3-4575-909F-B822DE2DD4CB}.Release|x86.ActiveCfg = Release|Win32
		{27AEFA17-DAB3-4575-909F-B822DE2DD4CB}.Release|x86.Build.0 = Release|Win32
		{057DB0E6-96F2-43E2-A833-0C3BEF6B3400}.Debug|x64.ActiveCfg = Debug|x64
		{057DB0E6-96F2-43E2-A833-0C3BEF6B3400}.Debug|x64.Build.0 = Debug|x64
		{057DB0E6-96F2-43E2-A833-0C3BEF6B3400}.Debug|x86.ActiveCfg = Debug|Win32
		{057DB0E6-96F2-43E2-A833-0C3BEF6B3400}.Debug|x86.Build.0 = Debug|Win32
		{057DB0E6-96F2-43E2-A833-0C3BEF6B3400}.Release|x64.ActiveCfg = Release|x64
		{057DB0E6-96F2-43E2-A833-0C3BEF6B3400}.Release|x64.Build.0 = Release|x64
		{057DB0E6-96F2-43E2-A833-0C3BEF6B3400}.Release|x86.ActiveCfg = Release|Win32
		{057DB0E6-96F2-43E2-A833-0C3BEF6B3400}.Release|x86.Build.0 = Release|Win32
	EndGlobalSection
	GlobalSection(SolutionProperties) = preSolution
		HideSolutionNode = FALSE
	EndGlobalSection
	GlobalSection(ExtensibilityGlobals) = postSolution
		SolutionGuid = {1C8B8AF3-FFB2-45CF-BEFC-B4E658209A25}
	EndGlobalSection
EndGlobal
