
Microsoft Visual Studio Solution File, Format Version 12.00
# Visual Studio Version 16
VisualStudioVersion = 16.0.32228.343
MinimumVisualStudioVersion = 10.0.40219.1
Project("{8BC9CEB8-8B4A-11D0-8D11-00A0C91BC942}") = "8-01", "8-01\8-01.vcxproj", "{DEDDF4A2-8CE8-4523-8513-81F04F79EBAE}"
EndProject
Project("{8BC9CEB8-8B4A-11D0-8D11-00A0C91BC942}") = "8-02", "8-02\8-02.vcxproj", "{177ACE11-ABAD-4742-8494-BE4BC4E5962E}"
EndProject
Project("{8BC9CEB8-8B4A-11D0-8D11-00A0C91BC942}") = "8-03", "8-03\8-03.vcxproj", "{E12DF7DD-6CAE-41DB-8685-B662F31A938B}"
EndProject
Project("{8BC9CEB8-8B4A-11D0-8D11-00A0C91BC942}") = "8-e03", "8-e03\8-e03.vcxproj", "{2A679727-F19F-48DC-83A8-67BA17921690}"
EndProject
Global
	GlobalSection(SolutionConfigurationPlatforms) = preSolution
		Debug|x64 = Debug|x64
		Debug|x86 = Debug|x86
		Release|x64 = Release|x64
		Release|x86 = Release|x86
	EndGlobalSection
	GlobalSection(ProjectConfigurationPlatforms) = postSolution
		{DEDDF4A2-8CE8-4523-8513-81F04F79EBAE}.Debug|x64.ActiveCfg = Debug|x64
		{DEDDF4A2-8CE8-4523-8513-81F04F79EBAE}.Debug|x64.Build.0 = Debug|x64
		{DEDDF4A2-8CE8-4523-8513-81F04F79EBAE}.Debug|x86.ActiveCfg = Debug|Win32
		{DEDDF4A2-8CE8-4523-8513-81F04F79EBAE}.Debug|x86.Build.0 = Debug|Win32
		{DEDDF4A2-8CE8-4523-8513-81F04F79EBAE}.Release|x64.ActiveCfg = Release|x64
		{DEDDF4A2-8CE8-4523-8513-81F04F79EBAE}.Release|x64.Build.0 = Release|x64
		{DEDDF4A2-8CE8-4523-8513-81F04F79EBAE}.Release|x86.ActiveCfg = Release|Win32
		{DEDDF4A2-8CE8-4523-8513-81F04F79EBAE}.Release|x86.Build.0 = Release|Win32
		{177ACE11-ABAD-4742-8494-BE4BC4E5962E}.Debug|x64.ActiveCfg = Debug|x64
		{177ACE11-ABAD-4742-8494-BE4BC4E5962E}.Debug|x64.Build.0 = Debug|x64
		{177ACE11-ABAD-4742-8494-BE4BC4E5962E}.Debug|x86.ActiveCfg = Debug|Win32
		{177ACE11-ABAD-4742-8494-BE4BC4E5962E}.Debug|x86.Build.0 = Debug|Win32
		{177ACE11-ABAD-4742-8494-BE4BC4E5962E}.Release|x64.ActiveCfg = Release|x64
		{177ACE11-ABAD-4742-8494-BE4BC4E5962E}.Release|x64.Build.0 = Release|x64
		{177ACE11-ABAD-4742-8494-BE4BC4E5962E}.Release|x86.ActiveCfg = Release|Win32
		{177ACE11-ABAD-4742-8494-BE4BC4E5962E}.Release|x86.Build.0 = Release|Win32
		{E12DF7DD-6CAE-41DB-8685-B662F31A938B}.Debug|x64.ActiveCfg = Debug|x64
		{E12DF7DD-6CAE-41DB-8685-B662F31A938B}.Debug|x64.Build.0 = Debug|x64
		{E12DF7DD-6CAE-41DB-8685-B662F31A938B}.Debug|x86.ActiveCfg = Debug|Win32
		{E12DF7DD-6CAE-41DB-8685-B662F31A938B}.Debug|x86.Build.0 = Debug|Win32
		{E12DF7DD-6CAE-41DB-8685-B662F31A938B}.Release|x64.ActiveCfg = Release|x64
		{E12DF7DD-6CAE-41DB-8685-B662F31A938B}.Release|x64.Build.0 = Release|x64
		{E12DF7DD-6CAE-41DB-8685-B662F31A938B}.Release|x86.ActiveCfg = Release|Win32
		{E12DF7DD-6CAE-41DB-8685-B662F31A938B}.Release|x86.Build.0 = Release|Win32
		{2A679727-F19F-48DC-83A8-67BA17921690}.Debug|x64.ActiveCfg = Debug|x64
		{2A679727-F19F-48DC-83A8-67BA17921690}.Debug|x64.Build.0 = Debug|x64
		{2A679727-F19F-48DC-83A8-67BA17921690}.Debug|x86.ActiveCfg = Debug|Win32
		{2A679727-F19F-48DC-83A8-67BA17921690}.Debug|x86.Build.0 = Debug|Win32
		{2A679727-F19F-48DC-83A8-67BA17921690}.Release|x64.ActiveCfg = Release|x64
		{2A679727-F19F-48DC-83A8-67BA17921690}.Release|x64.Build.0 = Release|x64
		{2A679727-F19F-48DC-83A8-67BA17921690}.Release|x86.ActiveCfg = Release|Win32
		{2A679727-F19F-48DC-83A8-67BA17921690}.Release|x86.Build.0 = Release|Win32
	EndGlobalSection
	GlobalSection(SolutionProperties) = preSolution
		HideSolutionNode = FALSE
	EndGlobalSection
	GlobalSection(ExtensibilityGlobals) = postSolution
		SolutionGuid = {7FC2734F-9716-42F2-B6E7-CC4739EC4F73}
	EndGlobalSection
EndGlobal
