
Microsoft Visual Studio Solution File, Format Version 12.00
# Visual Studio Version 16
VisualStudioVersion = 16.0.32228.343
MinimumVisualStudioVersion = 10.0.40219.1
Project("{8BC9CEB8-8B4A-11D0-8D11-00A0C91BC942}") = "7-02", "7-02\7-02.vcxproj", "{545209B3-7350-4FB9-9987-7C15B487183D}"
EndProject
Project("{8BC9CEB8-8B4A-11D0-8D11-00A0C91BC942}") = "7-03", "7-03\7-03.vcxproj", "{C325CE88-4C26-411A-A96E-2A9B4B99CE26}"
EndProject
Project("{8BC9CEB8-8B4A-11D0-8D11-00A0C91BC942}") = "7-04", "7-04\7-04.vcxproj", "{D6838496-64F0-4521-8E3E-86184D8ABDC2}"
EndProject
Project("{8BC9CEB8-8B4A-11D0-8D11-00A0C91BC942}") = "7-05", "7-05\7-05.vcxproj", "{4E43628C-DAC6-40D9-8AD4-F0CB2E94E808}"
EndProject
Project("{8BC9CEB8-8B4A-11D0-8D11-00A0C91BC942}") = "7-06", "7-06\7-06.vcxproj", "{9F54A456-E01E-4219-9A93-FD12C1326ABC}"
EndProject
Project("{8BC9CEB8-8B4A-11D0-8D11-00A0C91BC942}") = "7-07", "7-07\7-07.vcxproj", "{AE52D19E-3DEF-4232-A546-867C547C2AFE}"
EndProject
Project("{8BC9CEB8-8B4A-11D0-8D11-00A0C91BC942}") = "7-e02", "7-e02\7-e02.vcxproj", "{725A3C81-7415-4517-8199-BDEDB055601B}"
EndProject
Project("{8BC9CEB8-8B4A-11D0-8D11-00A0C91BC942}") = "7-e03", "7-e03\7-e03.vcxproj", "{91ADB43A-ED7C-4A4D-AA36-93F11A4823C9}"
EndProject
Project("{8BC9CEB8-8B4A-11D0-8D11-00A0C91BC942}") = "7-challenge", "7-challenge\7-challenge.vcxproj", "{2C8505B2-8113-4AFC-9C5F-16581E95022D}"
EndProject
Global
	GlobalSection(SolutionConfigurationPlatforms) = preSolution
		Debug|x64 = Debug|x64
		Debug|x86 = Debug|x86
		Release|x64 = Release|x64
		Release|x86 = Release|x86
	EndGlobalSection
	GlobalSection(ProjectConfigurationPlatforms) = postSolution
		{545209B3-7350-4FB9-9987-7C15B487183D}.Debug|x64.ActiveCfg = Debug|x64
		{545209B3-7350-4FB9-9987-7C15B487183D}.Debug|x64.Build.0 = Debug|x64
		{545209B3-7350-4FB9-9987-7C15B487183D}.Debug|x86.ActiveCfg = Debug|Win32
		{545209B3-7350-4FB9-9987-7C15B487183D}.Debug|x86.Build.0 = Debug|Win32
		{545209B3-7350-4FB9-9987-7C15B487183D}.Release|x64.ActiveCfg = Release|x64
		{545209B3-7350-4FB9-9987-7C15B487183D}.Release|x64.Build.0 = Release|x64
		{545209B3-7350-4FB9-9987-7C15B487183D}.Release|x86.ActiveCfg = Release|Win32
		{545209B3-7350-4FB9-9987-7C15B487183D}.Release|x86.Build.0 = Release|Win32
		{C325CE88-4C26-411A-A96E-2A9B4B99CE26}.Debug|x64.ActiveCfg = Debug|x64
		{C325CE88-4C26-411A-A96E-2A9B4B99CE26}.Debug|x64.Build.0 = Debug|x64
		{C325CE88-4C26-411A-A96E-2A9B4B99CE26}.Debug|x86.ActiveCfg = Debug|Win32
		{C325CE88-4C26-411A-A96E-2A9B4B99CE26}.Debug|x86.Build.0 = Debug|Win32
		{C325CE88-4C26-411A-A96E-2A9B4B99CE26}.Release|x64.ActiveCfg = Release|x64
		{C325CE88-4C26-411A-A96E-2A9B4B99CE26}.Release|x64.Build.0 = Release|x64
		{C325CE88-4C26-411A-A96E-2A9B4B99CE26}.Release|x86.ActiveCfg = Release|Win32
		{C325CE88-4C26-411A-A96E-2A9B4B99CE26}.Release|x86.Build.0 = Release|Win32
		{D6838496-64F0-4521-8E3E-86184D8ABDC2}.Debug|x64.ActiveCfg = Debug|x64
		{D6838496-64F0-4521-8E3E-86184D8ABDC2}.Debug|x64.Build.0 = Debug|x64
		{D6838496-64F0-4521-8E3E-86184D8ABDC2}.Debug|x86.ActiveCfg = Debug|Win32
		{D6838496-64F0-4521-8E3E-86184D8ABDC2}.Debug|x86.Build.0 = Debug|Win32
		{D6838496-64F0-4521-8E3E-86184D8ABDC2}.Release|x64.ActiveCfg = Release|x64
		{D6838496-64F0-4521-8E3E-86184D8ABDC2}.Release|x64.Build.0 = Release|x64
		{D6838496-64F0-4521-8E3E-86184D8ABDC2}.Release|x86.ActiveCfg = Release|Win32
		{D6838496-64F0-4521-8E3E-86184D8ABDC2}.Release|x86.Build.0 = Release|Win32
		{4E43628C-DAC6-40D9-8AD4-F0CB2E94E808}.Debug|x64.ActiveCfg = Debug|x64
		{4E43628C-DAC6-40D9-8AD4-F0CB2E94E808}.Debug|x64.Build.0 = Debug|x64
		{4E43628C-DAC6-40D9-8AD4-F0CB2E94E808}.Debug|x86.ActiveCfg = Debug|Win32
		{4E43628C-DAC6-40D9-8AD4-F0CB2E94E808}.Debug|x86.Build.0 = Debug|Win32
		{4E43628C-DAC6-40D9-8AD4-F0CB2E94E808}.Release|x64.ActiveCfg = Release|x64
		{4E43628C-DAC6-40D9-8AD4-F0CB2E94E808}.Release|x64.Build.0 = Release|x64
		{4E43628C-DAC6-40D9-8AD4-F0CB2E94E808}.Release|x86.ActiveCfg = Release|Win32
		{4E43628C-DAC6-40D9-8AD4-F0CB2E94E808}.Release|x86.Build.0 = Release|Win32
		{9F54A456-E01E-4219-9A93-FD12C1326ABC}.Debug|x64.ActiveCfg = Debug|x64
		{9F54A456-E01E-4219-9A93-FD12C1326ABC}.Debug|x64.Build.0 = Debug|x64
		{9F54A456-E01E-4219-9A93-FD12C1326ABC}.Debug|x86.ActiveCfg = Debug|Win32
		{9F54A456-E01E-4219-9A93-FD12C1326ABC}.Debug|x86.Build.0 = Debug|Win32
		{9F54A456-E01E-4219-9A93-FD12C1326ABC}.Release|x64.ActiveCfg = Release|x64
		{9F54A456-E01E-4219-9A93-FD12C1326ABC}.Release|x64.Build.0 = Release|x64
		{9F54A456-E01E-4219-9A93-FD12C1326ABC}.Release|x86.ActiveCfg = Release|Win32
		{9F54A456-E01E-4219-9A93-FD12C1326ABC}.Release|x86.Build.0 = Release|Win32
		{AE52D19E-3DEF-4232-A546-867C547C2AFE}.Debug|x64.ActiveCfg = Debug|x64
		{AE52D19E-3DEF-4232-A546-867C547C2AFE}.Debug|x64.Build.0 = Debug|x64
		{AE52D19E-3DEF-4232-A546-867C547C2AFE}.Debug|x86.ActiveCfg = Debug|Win32
		{AE52D19E-3DEF-4232-A546-867C547C2AFE}.Debug|x86.Build.0 = Debug|Win32
		{AE52D19E-3DEF-4232-A546-867C547C2AFE}.Release|x64.ActiveCfg = Release|x64
		{AE52D19E-3DEF-4232-A546-867C547C2AFE}.Release|x64.Build.0 = Release|x64
		{AE52D19E-3DEF-4232-A546-867C547C2AFE}.Release|x86.ActiveCfg = Release|Win32
		{AE52D19E-3DEF-4232-A546-867C547C2AFE}.Release|x86.Build.0 = Release|Win32
		{725A3C81-7415-4517-8199-BDEDB055601B}.Debug|x64.ActiveCfg = Debug|x64
		{725A3C81-7415-4517-8199-BDEDB055601B}.Debug|x64.Build.0 = Debug|x64
		{725A3C81-7415-4517-8199-BDEDB055601B}.Debug|x86.ActiveCfg = Debug|Win32
		{725A3C81-7415-4517-8199-BDEDB055601B}.Debug|x86.Build.0 = Debug|Win32
		{725A3C81-7415-4517-8199-BDEDB055601B}.Release|x64.ActiveCfg = Release|x64
		{725A3C81-7415-4517-8199-BDEDB055601B}.Release|x64.Build.0 = Release|x64
		{725A3C81-7415-4517-8199-BDEDB055601B}.Release|x86.ActiveCfg = Release|Win32
		{725A3C81-7415-4517-8199-BDEDB055601B}.Release|x86.Build.0 = Release|Win32
		{91ADB43A-ED7C-4A4D-AA36-93F11A4823C9}.Debug|x64.ActiveCfg = Debug|x64
		{91ADB43A-ED7C-4A4D-AA36-93F11A4823C9}.Debug|x64.Build.0 = Debug|x64
		{91ADB43A-ED7C-4A4D-AA36-93F11A4823C9}.Debug|x86.ActiveCfg = Debug|Win32
		{91ADB43A-ED7C-4A4D-AA36-93F11A4823C9}.Debug|x86.Build.0 = Debug|Win32
		{91ADB43A-ED7C-4A4D-AA36-93F11A4823C9}.Release|x64.ActiveCfg = Release|x64
		{91ADB43A-ED7C-4A4D-AA36-93F11A4823C9}.Release|x64.Build.0 = Release|x64
		{91ADB43A-ED7C-4A4D-AA36-93F11A4823C9}.Release|x86.ActiveCfg = Release|Win32
		{91ADB43A-ED7C-4A4D-AA36-93F11A4823C9}.Release|x86.Build.0 = Release|Win32
		{2C8505B2-8113-4AFC-9C5F-16581E95022D}.Debug|x64.ActiveCfg = Debug|x64
		{2C8505B2-8113-4AFC-9C5F-16581E95022D}.Debug|x64.Build.0 = Debug|x64
		{2C8505B2-8113-4AFC-9C5F-16581E95022D}.Debug|x86.ActiveCfg = Debug|Win32
		{2C8505B2-8113-4AFC-9C5F-16581E95022D}.Debug|x86.Build.0 = Debug|Win32
		{2C8505B2-8113-4AFC-9C5F-16581E95022D}.Release|x64.ActiveCfg = Release|x64
		{2C8505B2-8113-4AFC-9C5F-16581E95022D}.Release|x64.Build.0 = Release|x64
		{2C8505B2-8113-4AFC-9C5F-16581E95022D}.Release|x86.ActiveCfg = Release|Win32
		{2C8505B2-8113-4AFC-9C5F-16581E95022D}.Release|x86.Build.0 = Release|Win32
	EndGlobalSection
	GlobalSection(SolutionProperties) = preSolution
		HideSolutionNode = FALSE
	EndGlobalSection
	GlobalSection(ExtensibilityGlobals) = postSolution
		SolutionGuid = {BF2D1D92-C78B-4A66-8B61-3FE414C64882}
	EndGlobalSection
EndGlobal
