
Microsoft Visual Studio Solution File, Format Version 12.00
# Visual Studio Version 16
VisualStudioVersion = 16.0.32228.343
MinimumVisualStudioVersion = 10.0.40219.1
Project("{8BC9CEB8-8B4A-11D0-8D11-00A0C91BC942}") = "3-1", "3-1\3-1.vcxproj", "{D5F444C5-B651-4B5B-920D-39A554E2248F}"
EndProject
Project("{8BC9CEB8-8B4A-11D0-8D11-00A0C91BC942}") = "3-2", "3-2\3-2.vcxproj", "{386989C9-A16D-4739-931E-E15DC114D11F}"
EndProject
Project("{8BC9CEB8-8B4A-11D0-8D11-00A0C91BC942}") = "3-3", "3-3\3-3.vcxproj", "{0A9674B4-3E16-435F-9D47-02A9014E37FA}"
EndProject
Project("{8BC9CEB8-8B4A-11D0-8D11-00A0C91BC942}") = "3-4", "3-4\3-4.vcxproj", "{0B8B0F71-B507-4CDA-ADCE-3A1FEDA6CF64}"
EndProject
Project("{8BC9CEB8-8B4A-11D0-8D11-00A0C91BC942}") = "3-5", "3-5\3-5.vcxproj", "{9B64126C-D7D3-4BA0-8C19-CC27F1A745CF}"
EndProject
Project("{8BC9CEB8-8B4A-11D0-8D11-00A0C91BC942}") = "3-6", "3-6\3-6.vcxproj", "{9FDB9AF5-EE20-49CA-AD8B-7F3F1AB64B9D}"
EndProject
Project("{8BC9CEB8-8B4A-11D0-8D11-00A0C91BC942}") = "3-7", "3-7\3-7.vcxproj", "{7E54FB9C-BA67-406C-957E-6BD805A4832F}"
EndProject
Project("{8BC9CEB8-8B4A-11D0-8D11-00A0C91BC942}") = "3-8", "3-8\3-8.vcxproj", "{6958CB26-2489-4F54-948B-2683D9950B8C}"
EndProject
Global
	GlobalSection(SolutionConfigurationPlatforms) = preSolution
		Debug|x64 = Debug|x64
		Debug|x86 = Debug|x86
		Release|x64 = Release|x64
		Release|x86 = Release|x86
	EndGlobalSection
	GlobalSection(ProjectConfigurationPlatforms) = postSolution
		{D5F444C5-B651-4B5B-920D-39A554E2248F}.Debug|x64.ActiveCfg = Debug|x64
		{D5F444C5-B651-4B5B-920D-39A554E2248F}.Debug|x64.Build.0 = Debug|x64
		{D5F444C5-B651-4B5B-920D-39A554E2248F}.Debug|x86.ActiveCfg = Debug|Win32
		{D5F444C5-B651-4B5B-920D-39A554E2248F}.Debug|x86.Build.0 = Debug|Win32
		{D5F444C5-B651-4B5B-920D-39A554E2248F}.Release|x64.ActiveCfg = Release|x64
		{D5F444C5-B651-4B5B-920D-39A554E2248F}.Release|x64.Build.0 = Release|x64
		{D5F444C5-B651-4B5B-920D-39A554E2248F}.Release|x86.ActiveCfg = Release|Win32
		{D5F444C5-B651-4B5B-920D-39A554E2248F}.Release|x86.Build.0 = Release|Win32
		{386989C9-A16D-4739-931E-E15DC114D11F}.Debug|x64.ActiveCfg = Debug|x64
		{386989C9-A16D-4739-931E-E15DC114D11F}.Debug|x64.Build.0 = Debug|x64
		{386989C9-A16D-4739-931E-E15DC114D11F}.Debug|x86.ActiveCfg = Debug|Win32
		{386989C9-A16D-4739-931E-E15DC114D11F}.Debug|x86.Build.0 = Debug|Win32
		{386989C9-A16D-4739-931E-E15DC114D11F}.Release|x64.ActiveCfg = Release|x64
		{386989C9-A16D-4739-931E-E15DC114D11F}.Release|x64.Build.0 = Release|x64
		{386989C9-A16D-4739-931E-E15DC114D11F}.Release|x86.ActiveCfg = Release|Win32
		{386989C9-A16D-4739-931E-E15DC114D11F}.Release|x86.Build.0 = Release|Win32
		{0A9674B4-3E16-435F-9D47-02A9014E37FA}.Debug|x64.ActiveCfg = Debug|x64
		{0A9674B4-3E16-435F-9D47-02A9014E37FA}.Debug|x64.Build.0 = Debug|x64
		{0A9674B4-3E16-435F-9D47-02A9014E37FA}.Debug|x86.ActiveCfg = Debug|Win32
		{0A9674B4-3E16-435F-9D47-02A9014E37FA}.Debug|x86.Build.0 = Debug|Win32
		{0A9674B4-3E16-435F-9D47-02A9014E37FA}.Release|x64.ActiveCfg = Release|x64
		{0A9674B4-3E16-435F-9D47-02A9014E37FA}.Release|x64.Build.0 = Release|x64
		{0A9674B4-3E16-435F-9D47-02A9014E37FA}.Release|x86.ActiveCfg = Release|Win32
		{0A9674B4-3E16-435F-9D47-02A9014E37FA}.Release|x86.Build.0 = Release|Win32
		{0B8B0F71-B507-4CDA-ADCE-3A1FEDA6CF64}.Debug|x64.ActiveCfg = Debug|x64
		{0B8B0F71-B507-4CDA-ADCE-3A1FEDA6CF64}.Debug|x64.Build.0 = Debug|x64
		{0B8B0F71-B507-4CDA-ADCE-3A1FEDA6CF64}.Debug|x86.ActiveCfg = Debug|Win32
		{0B8B0F71-B507-4CDA-ADCE-3A1FEDA6CF64}.Debug|x86.Build.0 = Debug|Win32
		{0B8B0F71-B507-4CDA-ADCE-3A1FEDA6CF64}.Release|x64.ActiveCfg = Release|x64
		{0B8B0F71-B507-4CDA-ADCE-3A1FEDA6CF64}.Release|x64.Build.0 = Release|x64
		{0B8B0F71-B507-4CDA-ADCE-3A1FEDA6CF64}.Release|x86.ActiveCfg = Release|Win32
		{0B8B0F71-B507-4CDA-ADCE-3A1FEDA6CF64}.Release|x86.Build.0 = Release|Win32
		{9B64126C-D7D3-4BA0-8C19-CC27F1A745CF}.Debug|x64.ActiveCfg = Debug|x64
		{9B64126C-D7D3-4BA0-8C19-CC27F1A745CF}.Debug|x64.Build.0 = Debug|x64
		{9B64126C-D7D3-4BA0-8C19-CC27F1A745CF}.Debug|x86.ActiveCfg = Debug|Win32
		{9B64126C-D7D3-4BA0-8C19-CC27F1A745CF}.Debug|x86.Build.0 = Debug|Win32
		{9B64126C-D7D3-4BA0-8C19-CC27F1A745CF}.Release|x64.ActiveCfg = Release|x64
		{9B64126C-D7D3-4BA0-8C19-CC27F1A745CF}.Release|x64.Build.0 = Release|x64
		{9B64126C-D7D3-4BA0-8C19-CC27F1A745CF}.Release|x86.ActiveCfg = Release|Win32
		{9B64126C-D7D3-4BA0-8C19-CC27F1A745CF}.Release|x86.Build.0 = Release|Win32
		{9FDB9AF5-EE20-49CA-AD8B-7F3F1AB64B9D}.Debug|x64.ActiveCfg = Debug|x64
		{9FDB9AF5-EE20-49CA-AD8B-7F3F1AB64B9D}.Debug|x64.Build.0 = Debug|x64
		{9FDB9AF5-EE20-49CA-AD8B-7F3F1AB64B9D}.Debug|x86.ActiveCfg = Debug|Win32
		{9FDB9AF5-EE20-49CA-AD8B-7F3F1AB64B9D}.Debug|x86.Build.0 = Debug|Win32
		{9FDB9AF5-EE20-49CA-AD8B-7F3F1AB64B9D}.Release|x64.ActiveCfg = Release|x64
		{9FDB9AF5-EE20-49CA-AD8B-7F3F1AB64B9D}.Release|x64.Build.0 = Release|x64
		{9FDB9AF5-EE20-49CA-AD8B-7F3F1AB64B9D}.Release|x86.ActiveCfg = Release|Win32
		{9FDB9AF5-EE20-49CA-AD8B-7F3F1AB64B9D}.Release|x86.Build.0 = Release|Win32
		{7E54FB9C-BA67-406C-957E-6BD805A4832F}.Debug|x64.ActiveCfg = Debug|x64
		{7E54FB9C-BA67-406C-957E-6BD805A4832F}.Debug|x64.Build.0 = Debug|x64
		{7E54FB9C-BA67-406C-957E-6BD805A4832F}.Debug|x86.ActiveCfg = Debug|Win32
		{7E54FB9C-BA67-406C-957E-6BD805A4832F}.Debug|x86.Build.0 = Debug|Win32
		{7E54FB9C-BA67-406C-957E-6BD805A4832F}.Release|x64.ActiveCfg = Release|x64
		{7E54FB9C-BA67-406C-957E-6BD805A4832F}.Release|x64.Build.0 = Release|x64
		{7E54FB9C-BA67-406C-957E-6BD805A4832F}.Release|x86.ActiveCfg = Release|Win32
		{7E54FB9C-BA67-406C-957E-6BD805A4832F}.Release|x86.Build.0 = Release|Win32
		{6958CB26-2489-4F54-948B-2683D9950B8C}.Debug|x64.ActiveCfg = Debug|x64
		{6958CB26-2489-4F54-948B-2683D9950B8C}.Debug|x64.Build.0 = Debug|x64
		{6958CB26-2489-4F54-948B-2683D9950B8C}.Debug|x86.ActiveCfg = Debug|Win32
		{6958CB26-2489-4F54-948B-2683D9950B8C}.Debug|x86.Build.0 = Debug|Win32
		{6958CB26-2489-4F54-948B-2683D9950B8C}.Release|x64.ActiveCfg = Release|x64
		{6958CB26-2489-4F54-948B-2683D9950B8C}.Release|x64.Build.0 = Release|x64
		{6958CB26-2489-4F54-948B-2683D9950B8C}.Release|x86.ActiveCfg = Release|Win32
		{6958CB26-2489-4F54-948B-2683D9950B8C}.Release|x86.Build.0 = Release|Win32
	EndGlobalSection
	GlobalSection(SolutionProperties) = preSolution
		HideSolutionNode = FALSE
	EndGlobalSection
	GlobalSection(ExtensibilityGlobals) = postSolution
		SolutionGuid = {F7D299A5-03CB-4487-B81C-840908ADC839}
	EndGlobalSection
EndGlobal
